
Microsoft Visual Studio Solution File, Format Version 12.00
# Visual Studio Version 17
VisualStudioVersion = 17.0.31912.275
MinimumVisualStudioVersion = 10.0.40219.1
Project("{9A19103F-16F7-4668-BE54-9A1E7A4F7556}") = "Reykjavik", "Reykjavik\Reykjavik.csproj", "{C92AC7DB-79EE-49B6-9831-7346D647CF1B}"
EndProject
Project("{9A19103F-16F7-4668-BE54-9A1E7A4F7556}") = "UIBase", "UIBase\UIBase.csproj", "{838CC55F-0FC1-4BB8-9F13-BC8097AD38D7}"
EndProject
Project("{9A19103F-16F7-4668-BE54-9A1E7A4F7556}") = "XrayServer", "XrayServer\XrayServer.csproj", "{7F24B87D-8A17-4316-80BF-D290C7301AE3}"
EndProject
Global
	GlobalSection(SolutionConfigurationPlatforms) = preSolution
		Debug|Any CPU = Debug|Any CPU
		Release|Any CPU = Release|Any CPU
	EndGlobalSection
	GlobalSection(ProjectConfigurationPlatforms) = postSolution
		{C92AC7DB-79EE-49B6-9831-7346D647CF1B}.Debug|Any CPU.ActiveCfg = Debug|Any CPU
		{C92AC7DB-79EE-49B6-9831-7346D647CF1B}.Debug|Any CPU.Build.0 = Debug|Any CPU
		{C92AC7DB-79EE-49B6-9831-7346D647CF1B}.Release|Any CPU.ActiveCfg = Release|Any CPU
		{C92AC7DB-79EE-49B6-9831-7346D647CF1B}.Release|Any CPU.Build.0 = Release|Any CPU
		{838CC55F-0FC1-4BB8-9F13-BC8097AD38D7}.Debug|Any CPU.ActiveCfg = Debug|Any CPU
		{838CC55F-0FC1-4BB8-9F13-BC8097AD38D7}.Debug|Any CPU.Build.0 = Debug|Any CPU
		{838CC55F-0FC1-4BB8-9F13-BC8097AD38D7}.Release|Any CPU.ActiveCfg = Release|Any CPU
		{838CC55F-0FC1-4BB8-9F13-BC8097AD38D7}.Release|Any CPU.Build.0 = Release|Any CPU
		{7F24B87D-8A17-4316-80BF-D290C7301AE3}.Debug|Any CPU.ActiveCfg = Debug|Any CPU
		{7F24B87D-8A17-4316-80BF-D290C7301AE3}.Debug|Any CPU.Build.0 = Debug|Any CPU
		{7F24B87D-8A17-4316-80BF-D290C7301AE3}.Release|Any CPU.ActiveCfg = Release|Any CPU
		{7F24B87D-8A17-4316-80BF-D290C7301AE3}.Release|Any CPU.Build.0 = Release|Any CPU
	EndGlobalSection
	GlobalSection(SolutionProperties) = preSolution
		HideSolutionNode = FALSE
	EndGlobalSection
	GlobalSection(ExtensibilityGlobals) = postSolution
		SolutionGuid = {CF7ED248-167D-460E-B899-1EA50DE235E7}
	EndGlobalSection
EndGlobal
