
Microsoft Visual Studio Solution File, Format Version 12.00
# Visual Studio Version 17
VisualStudioVersion = 17.0.31912.275
MinimumVisualStudioVersion = 10.0.40219.1
Project("{9A19103F-16F7-4668-BE54-9A1E7A4F7556}") = "Reykjavik", "Reykjavik\Reykjavik.csproj", "{C92AC7DB-79EE-49B6-9831-7346D647CF1B}"
EndProject
Project("{9A19103F-16F7-4668-BE54-9A1E7A4F7556}") = "UIBase", "UIBase\UIBase.csproj", "{838CC55F-0FC1-4BB8-9F13-BC8097AD38D7}"
EndProject
Project("{9A19103F-16F7-4668-BE54-9A1E7A4F7556}") = "XrayServer", "XrayServer\XrayServer.csproj", "{7F24B87D-8A17-4316-80BF-D290C7301AE3}"
EndProject
Project("{8BC9CEB8-8B4A-11D0-8D11-00A0C91BC942}") = "SystemProxy", "SystemProxy\SystemProxy.vcxproj", "{1EEE6EF7-B04E-4072-A113-25A1FBF382D3}"
EndProject
Global
	GlobalSection(SolutionConfigurationPlatforms) = preSolution
		Debug|Any CPU = Debug|Any CPU
		Debug|x64 = Debug|x64
		Debug|x86 = Debug|x86
		Release|Any CPU = Release|Any CPU
		Release|x64 = Release|x64
		Release|x86 = Release|x86
	EndGlobalSection
	GlobalSection(ProjectConfigurationPlatforms) = postSolution
		{C92AC7DB-79EE-49B6-9831-7346D647CF1B}.Debug|Any CPU.ActiveCfg = Debug|Any CPU
		{C92AC7DB-79EE-49B6-9831-7346D647CF1B}.Debug|Any CPU.Build.0 = Debug|Any CPU
		{C92AC7DB-79EE-49B6-9831-7346D647CF1B}.Debug|x64.ActiveCfg = Debug|Any CPU
		{C92AC7DB-79EE-49B6-9831-7346D647CF1B}.Debug|x64.Build.0 = Debug|Any CPU
		{C92AC7DB-79EE-49B6-9831-7346D647CF1B}.Debug|x86.ActiveCfg = Debug|Any CPU
		{C92AC7DB-79EE-49B6-9831-7346D647CF1B}.Debug|x86.Build.0 = Debug|Any CPU
		{C92AC7DB-79EE-49B6-9831-7346D647CF1B}.Release|Any CPU.ActiveCfg = Release|Any CPU
		{C92AC7DB-79EE-49B6-9831-7346D647CF1B}.Release|Any CPU.Build.0 = Release|Any CPU
		{C92AC7DB-79EE-49B6-9831-7346D647CF1B}.Release|x64.ActiveCfg = Release|Any CPU
		{C92AC7DB-79EE-49B6-9831-7346D647CF1B}.Release|x64.Build.0 = Release|Any CPU
		{C92AC7DB-79EE-49B6-9831-7346D647CF1B}.Release|x86.ActiveCfg = Release|Any CPU
		{C92AC7DB-79EE-49B6-9831-7346D647CF1B}.Release|x86.Build.0 = Release|Any CPU
		{838CC55F-0FC1-4BB8-9F13-BC8097AD38D7}.Debug|Any CPU.ActiveCfg = Debug|Any CPU
		{838CC55F-0FC1-4BB8-9F13-BC8097AD38D7}.Debug|Any CPU.Build.0 = Debug|Any CPU
		{838CC55F-0FC1-4BB8-9F13-BC8097AD38D7}.Debug|x64.ActiveCfg = Debug|Any CPU
		{838CC55F-0FC1-4BB8-9F13-BC8097AD38D7}.Debug|x64.Build.0 = Debug|Any CPU
		{838CC55F-0FC1-4BB8-9F13-BC8097AD38D7}.Debug|x86.ActiveCfg = Debug|Any CPU
		{838CC55F-0FC1-4BB8-9F13-BC8097AD38D7}.Debug|x86.Build.0 = Debug|Any CPU
		{838CC55F-0FC1-4BB8-9F13-BC8097AD38D7}.Release|Any CPU.ActiveCfg = Release|Any CPU
		{838CC55F-0FC1-4BB8-9F13-BC8097AD38D7}.Release|Any CPU.Build.0 = Release|Any CPU
		{838CC55F-0FC1-4BB8-9F13-BC8097AD38D7}.Release|x64.ActiveCfg = Release|Any CPU
		{838CC55F-0FC1-4BB8-9F13-BC8097AD38D7}.Release|x64.Build.0 = Release|Any CPU
		{838CC55F-0FC1-4BB8-9F13-BC8097AD38D7}.Release|x86.ActiveCfg = Release|Any CPU
		{838CC55F-0FC1-4BB8-9F13-BC8097AD38D7}.Release|x86.Build.0 = Release|Any CPU
		{7F24B87D-8A17-4316-80BF-D290C7301AE3}.Debug|Any CPU.ActiveCfg = Debug|Any CPU
		{7F24B87D-8A17-4316-80BF-D290C7301AE3}.Debug|Any CPU.Build.0 = Debug|Any CPU
		{7F24B87D-8A17-4316-80BF-D290C7301AE3}.Debug|x64.ActiveCfg = Debug|Any CPU
		{7F24B87D-8A17-4316-80BF-D290C7301AE3}.Debug|x64.Build.0 = Debug|Any CPU
		{7F24B87D-8A17-4316-80BF-D290C7301AE3}.Debug|x86.ActiveCfg = Debug|Any CPU
		{7F24B87D-8A17-4316-80BF-D290C7301AE3}.Debug|x86.Build.0 = Debug|Any CPU
		{7F24B87D-8A17-4316-80BF-D290C7301AE3}.Release|Any CPU.ActiveCfg = Release|Any CPU
		{7F24B87D-8A17-4316-80BF-D290C7301AE3}.Release|Any CPU.Build.0 = Release|Any CPU
		{7F24B87D-8A17-4316-80BF-D290C7301AE3}.Release|x64.ActiveCfg = Release|Any CPU
		{7F24B87D-8A17-4316-80BF-D290C7301AE3}.Release|x64.Build.0 = Release|Any CPU
		{7F24B87D-8A17-4316-80BF-D290C7301AE3}.Release|x86.ActiveCfg = Release|Any CPU
		{7F24B87D-8A17-4316-80BF-D290C7301AE3}.Release|x86.Build.0 = Release|Any CPU
		{1EEE6EF7-B04E-4072-A113-25A1FBF382D3}.Debug|Any CPU.ActiveCfg = Debug|x64
		{1EEE6EF7-B04E-4072-A113-25A1FBF382D3}.Debug|Any CPU.Build.0 = Debug|x64
		{1EEE6EF7-B04E-4072-A113-25A1FBF382D3}.Debug|x64.ActiveCfg = Debug|x64
		{1EEE6EF7-B04E-4072-A113-25A1FBF382D3}.Debug|x64.Build.0 = Debug|x64
		{1EEE6EF7-B04E-4072-A113-25A1FBF382D3}.Debug|x86.ActiveCfg = Debug|Win32
		{1EEE6EF7-B04E-4072-A113-25A1FBF382D3}.Debug|x86.Build.0 = Debug|Win32
		{1EEE6EF7-B04E-4072-A113-25A1FBF382D3}.Release|Any CPU.ActiveCfg = Release|x64
		{1EEE6EF7-B04E-4072-A113-25A1FBF382D3}.Release|Any CPU.Build.0 = Release|x64
		{1EEE6EF7-B04E-4072-A113-25A1FBF382D3}.Release|x64.ActiveCfg = Release|x64
		{1EEE6EF7-B04E-4072-A113-25A1FBF382D3}.Release|x64.Build.0 = Release|x64
		{1EEE6EF7-B04E-4072-A113-25A1FBF382D3}.Release|x86.ActiveCfg = Release|Win32
		{1EEE6EF7-B04E-4072-A113-25A1FBF382D3}.Release|x86.Build.0 = Release|Win32
	EndGlobalSection
	GlobalSection(SolutionProperties) = preSolution
		HideSolutionNode = FALSE
	EndGlobalSection
	GlobalSection(ExtensibilityGlobals) = postSolution
		SolutionGuid = {CF7ED248-167D-460E-B899-1EA50DE235E7}
	EndGlobalSection
EndGlobal
